// !$*UTF8*$!
{
	archiveVersion = 1;
	classes = {
	};
	objectVersion = 55;
	objects = {

/* Begin PBXBuildFile section */
		ECDBA6DD28F1E1A2008B0927 /* AppDelegate.swift in Sources */ = {isa = PBXBuildFile; fileRef = ECDBA6DC28F1E1A2008B0927 /* AppDelegate.swift */; };
		ECDBA6DF28F1E1A2008B0927 /* SceneDelegate.swift in Sources */ = {isa = PBXBuildFile; fileRef = ECDBA6DE28F1E1A2008B0927 /* SceneDelegate.swift */; };
		ECDBA6E428F1E1A2008B0927 /* Main.storyboard in Resources */ = {isa = PBXBuildFile; fileRef = ECDBA6E228F1E1A2008B0927 /* Main.storyboard */; };
		ECDBA6E628F1E1A3008B0927 /* Assets.xcassets in Resources */ = {isa = PBXBuildFile; fileRef = ECDBA6E528F1E1A3008B0927 /* Assets.xcassets */; };
		ECDBA6E928F1E1A3008B0927 /* LaunchScreen.storyboard in Resources */ = {isa = PBXBuildFile; fileRef = ECDBA6E728F1E1A3008B0927 /* LaunchScreen.storyboard */; };
		ECDBA6F128F1E500008B0927 /* Tracklist.swift in Sources */ = {isa = PBXBuildFile; fileRef = ECDBA6F028F1E500008B0927 /* Tracklist.swift */; };
		ECDBA6F328F1E961008B0927 /* DetailVC.swift in Sources */ = {isa = PBXBuildFile; fileRef = ECDBA6F228F1E961008B0927 /* DetailVC.swift */; };
		ECDBA6F528F1ED68008B0927 /* PreviewPage.swift in Sources */ = {isa = PBXBuildFile; fileRef = ECDBA6F428F1ED68008B0927 /* PreviewPage.swift */; };
		ECDBA6F728F1F2C8008B0927 /* ArtCoverCell.swift in Sources */ = {isa = PBXBuildFile; fileRef = ECDBA6F628F1F2C8008B0927 /* ArtCoverCell.swift */; };
/* End PBXBuildFile section */

/* Begin PBXFileReference section */
		ECDBA6D928F1E1A2008B0927 /* ArtCover.app */ = {isa = PBXFileReference; explicitFileType = wrapper.application; includeInIndex = 0; path = ArtCover.app; sourceTree = BUILT_PRODUCTS_DIR; };
		ECDBA6DC28F1E1A2008B0927 /* AppDelegate.swift */ = {isa = PBXFileReference; lastKnownFileType = sourcecode.swift; path = AppDelegate.swift; sourceTree = "<group>"; };
		ECDBA6DE28F1E1A2008B0927 /* SceneDelegate.swift */ = {isa = PBXFileReference; lastKnownFileType = sourcecode.swift; path = SceneDelegate.swift; sourceTree = "<group>"; };
		ECDBA6E328F1E1A2008B0927 /* Base */ = {isa = PBXFileReference; lastKnownFileType = file.storyboard; name = Base; path = Base.lproj/Main.storyboard; sourceTree = "<group>"; };
		ECDBA6E528F1E1A3008B0927 /* Assets.xcassets */ = {isa = PBXFileReference; lastKnownFileType = folder.assetcatalog; path = Assets.xcassets; sourceTree = "<group>"; };
		ECDBA6E828F1E1A3008B0927 /* Base */ = {isa = PBXFileReference; lastKnownFileType = file.storyboard; name = Base; path = Base.lproj/LaunchScreen.storyboard; sourceTree = "<group>"; };
		ECDBA6EA28F1E1A3008B0927 /* Info.plist */ = {isa = PBXFileReference; lastKnownFileType = text.plist.xml; path = Info.plist; sourceTree = "<group>"; };
		ECDBA6F028F1E500008B0927 /* Tracklist.swift */ = {isa = PBXFileReference; lastKnownFileType = sourcecode.swift; path = Tracklist.swift; sourceTree = "<group>"; };
		ECDBA6F228F1E961008B0927 /* DetailVC.swift */ = {isa = PBXFileReference; lastKnownFileType = sourcecode.swift; path = DetailVC.swift; sourceTree = "<group>"; };
		ECDBA6F428F1ED68008B0927 /* PreviewPage.swift */ = {isa = PBXFileReference; lastKnownFileType = sourcecode.swift; path = PreviewPage.swift; sourceTree = "<group>"; };
		ECDBA6F628F1F2C8008B0927 /* ArtCoverCell.swift */ = {isa = PBXFileReference; lastKnownFileType = sourcecode.swift; path = ArtCoverCell.swift; sourceTree = "<group>"; };
/* End PBXFileReference section */

/* Begin PBXFrameworksBuildPhase section */
		ECDBA6D628F1E1A2008B0927 /* Frameworks */ = {
			isa = PBXFrameworksBuildPhase;
			buildActionMask = 2147483647;
			files = (
			);
			runOnlyForDeploymentPostprocessing = 0;
		};
/* End PBXFrameworksBuildPhase section */

/* Begin PBXGroup section */
		ECDBA6D028F1E1A2008B0927 = {
			isa = PBXGroup;
			children = (
				ECDBA6DB28F1E1A2008B0927 /* ArtCover */,
				ECDBA6DA28F1E1A2008B0927 /* Products */,
			);
			sourceTree = "<group>";
		};
		ECDBA6DA28F1E1A2008B0927 /* Products */ = {
			isa = PBXGroup;
			children = (
				ECDBA6D928F1E1A2008B0927 /* ArtCover.app */,
			);
			name = Products;
			sourceTree = "<group>";
		};
		ECDBA6DB28F1E1A2008B0927 /* ArtCover */ = {
			isa = PBXGroup;
			children = (
				ECDBA6DC28F1E1A2008B0927 /* AppDelegate.swift */,
				ECDBA6DE28F1E1A2008B0927 /* SceneDelegate.swift */,
				ECDBA6F628F1F2C8008B0927 /* ArtCoverCell.swift */,
				ECDBA6F228F1E961008B0927 /* DetailVC.swift */,
				ECDBA6F428F1ED68008B0927 /* PreviewPage.swift */,
				ECDBA6F028F1E500008B0927 /* Tracklist.swift */,
				ECDBA6E228F1E1A2008B0927 /* Main.storyboard */,
				ECDBA6E528F1E1A3008B0927 /* Assets.xcassets */,
				ECDBA6E728F1E1A3008B0927 /* LaunchScreen.storyboard */,
				ECDBA6EA28F1E1A3008B0927 /* Info.plist */,
			);
			path = ArtCover;
			sourceTree = "<group>";
		};
/* End PBXGroup section */

/* Begin PBXNativeTarget section */
		ECDBA6D828F1E1A2008B0927 /* ArtCover */ = {
			isa = PBXNativeTarget;
			buildConfigurationList = ECDBA6ED28F1E1A3008B0927 /* Build configuration list for PBXNativeTarget "ArtCover" */;
			buildPhases = (
				ECDBA6D528F1E1A2008B0927 /* Sources */,
				ECDBA6D628F1E1A2008B0927 /* Frameworks */,
				ECDBA6D728F1E1A2008B0927 /* Resources */,
			);
			buildRules = (
			);
			dependencies = (
			);
			name = ArtCover;
			productName = ArtCover;
			productReference = ECDBA6D928F1E1A2008B0927 /* ArtCover.app */;
			productType = "com.apple.product-type.application";
		};
/* End PBXNativeTarget section */

/* Begin PBXProject section */
		ECDBA6D128F1E1A2008B0927 /* Project object */ = {
			isa = PBXProject;
			attributes = {
				BuildIndependentTargetsInParallel = 1;
				LastSwiftUpdateCheck = 1340;
				LastUpgradeCheck = 1340;
				TargetAttributes = {
					ECDBA6D828F1E1A2008B0927 = {
						CreatedOnToolsVersion = 13.4.1;
					};
				};
			};
			buildConfigurationList = ECDBA6D428F1E1A2008B0927 /* Build configuration list for PBXProject "ArtCover" */;
			compatibilityVersion = "Xcode 13.0";
			developmentRegion = en;
			hasScannedForEncodings = 0;
			knownRegions = (
				en,
				Base,
			);
			mainGroup = ECDBA6D028F1E1A2008B0927;
			productRefGroup = ECDBA6DA28F1E1A2008B0927 /* Products */;
			projectDirPath = "";
			projectRoot = "";
			targets = (
				ECDBA6D828F1E1A2008B0927 /* ArtCover */,
			);
		};
/* End PBXProject section */

/* Begin PBXResourcesBuildPhase section */
		ECDBA6D728F1E1A2008B0927 /* Resources */ = {
			isa = PBXResourcesBuildPhase;
			buildActionMask = 2147483647;
			files = (
				ECDBA6E928F1E1A3008B0927 /* LaunchScreen.storyboard in Resources */,
				ECDBA6E628F1E1A3008B0927 /* Assets.xcassets in Resources */,
				ECDBA6E428F1E1A2008B0927 /* Main.storyboard in Resources */,
			);
			runOnlyForDeploymentPostprocessing = 0;
		};
/* End PBXResourcesBuildPhase section */

/* Begin PBXSourcesBuildPhase section */
		ECDBA6D528F1E1A2008B0927 /* Sources */ = {
			isa = PBXSourcesBuildPhase;
			buildActionMask = 2147483647;
			files = (
				ECDBA6DD28F1E1A2008B0927 /* AppDelegate.swift in Sources */,
				ECDBA6F728F1F2C8008B0927 /* ArtCoverCell.swift in Sources */,
				ECDBA6F328F1E961008B0927 /* DetailVC.swift in Sources */,
				ECDBA6F128F1E500008B0927 /* Tracklist.swift in Sources */,
				ECDBA6DF28F1E1A2008B0927 /* SceneDelegate.swift in Sources */,
				ECDBA6F528F1ED68008B0927 /* PreviewPage.swift in Sources */,
			);
			runOnlyForDeploymentPostprocessing = 0;
		};
/* End PBXSourcesBuildPhase section */

/* Begin PBXVariantGroup section */
		ECDBA6E228F1E1A2008B0927 /* Main.storyboard */ = {
			isa = PBXVariantGroup;
			children = (
				ECDBA6E328F1E1A2008B0927 /* Base */,
			);
			name = Main.storyboard;
			sourceTree = "<group>";
		};
		ECDBA6E728F1E1A3008B0927 /* LaunchScreen.storyboard */ = {
			isa = PBXVariantGroup;
			children = (
				ECDBA6E828F1E1A3008B0927 /* Base */,
			);
			name = LaunchScreen.storyboard;
			sourceTree = "<group>";
		};
/* End PBXVariantGroup section */

/* Begin XCBuildConfiguration section */
		ECDBA6EB28F1E1A3008B0927 /* Debug */ = {
			isa = XCBuildConfiguration;
			buildSettings = {
				ALWAYS_SEARCH_USER_PATHS = NO;
				CLANG_ANALYZER_NONNULL = YES;
				CLANG_ANALYZER_NUMBER_OBJECT_CONVERSION = YES_AGGRESSIVE;
				CLANG_CXX_LANGUAGE_STANDARD = "gnu++17";
				CLANG_ENABLE_MODULES = YES;
				CLANG_ENABLE_OBJC_ARC = YES;
				CLANG_ENABLE_OBJC_WEAK = YES;
				CLANG_WARN_BLOCK_CAPTURE_AUTORELEASING = YES;
				CLANG_WARN_BOOL_CONVERSION = YES;
				CLANG_WARN_COMMA = YES;
				CLANG_WARN_CONSTANT_CONVERSION = YES;
				CLANG_WARN_DEPRECATED_OBJC_IMPLEMENTATIONS = YES;
				CLANG_WARN_DIRECT_OBJC_ISA_USAGE = YES_ERROR;
				CLANG_WARN_DOCUMENTATION_COMMENTS = YES;
				CLANG_WARN_EMPTY_BODY = YES;
				CLANG_WARN_ENUM_CONVERSION = YES;
				CLANG_WARN_INFINITE_RECURSION = YES;
				CLANG_WARN_INT_CONVERSION = YES;
				CLANG_WARN_NON_LITERAL_NULL_CONVERSION = YES;
				CLANG_WARN_OBJC_IMPLICIT_RETAIN_SELF = YES;
				CLANG_WARN_OBJC_LITERAL_CONVERSION = YES;
				CLANG_WARN_OBJC_ROOT_CLASS = YES_ERROR;
				CLANG_WARN_QUOTED_INCLUDE_IN_FRAMEWORK_HEADER = YES;
				CLANG_WARN_RANGE_LOOP_ANALYSIS = YES;
				CLANG_WARN_STRICT_PROTOTYPES = YES;
				CLANG_WARN_SUSPICIOUS_MOVE = YES;
				CLANG_WARN_UNGUARDED_AVAILABILITY = YES_AGGRESSIVE;
				CLANG_WARN_UNREACHABLE_CODE = YES;
				CLANG_WARN__DUPLICATE_METHOD_MATCH = YES;
				COPY_PHASE_STRIP = NO;
				DEBUG_INFORMATION_FORMAT = dwarf;
				ENABLE_STRICT_OBJC_MSGSEND = YES;
				ENABLE_TESTABILITY = YES;
				GCC_C_LANGUAGE_STANDARD = gnu11;
				GCC_DYNAMIC_NO_PIC = NO;
				GCC_NO_COMMON_BLOCKS = YES;
				GCC_OPTIMIZATION_LEVEL = 0;
				GCC_PREPROCESSOR_DEFINITIONS = (
					"DEBUG=1",
					"$(inherited)",
				);
				GCC_WARN_64_TO_32_BIT_CONVERSION = YES;
				GCC_WARN_ABOUT_RETURN_TYPE = YES_ERROR;
				GCC_WARN_UNDECLARED_SELECTOR = YES;
				GCC_WARN_UNINITIALIZED_AUTOS = YES_AGGRESSIVE;
				GCC_WARN_UNUSED_FUNCTION = YES;
				GCC_WARN_UNUSED_VARIABLE = YES;
				IPHONEOS_DEPLOYMENT_TARGET = 15.5;
				MTL_ENABLE_DEBUG_INFO = INCLUDE_SOURCE;
				MTL_FAST_MATH = YES;
				ONLY_ACTIVE_ARCH = YES;
				SDKROOT = iphoneos;
				SWIFT_ACTIVE_COMPILATION_CONDITIONS = DEBUG;
				SWIFT_OPTIMIZATION_LEVEL = "-Onone";
			};
			name = Debug;
		};
		ECDBA6EC28F1E1A3008B0927 /* Release */ = {
			isa = XCBuildConfiguration;
			buildSettings = {
				ALWAYS_SEARCH_USER_PATHS = NO;
				CLANG_ANALYZER_NONNULL = YES;
				CLANG_ANALYZER_NUMBER_OBJECT_CONVERSION = YES_AGGRESSIVE;
				CLANG_CXX_LANGUAGE_STANDARD = "gnu++17";
				CLANG_ENABLE_MODULES = YES;
				CLANG_ENABLE_OBJC_ARC = YES;
				CLANG_ENABLE_OBJC_WEAK = YES;
				CLANG_WARN_BLOCK_CAPTURE_AUTORELEASING = YES;
				CLANG_WARN_BOOL_CONVERSION = YES;
				CLANG_WARN_COMMA = YES;
				CLANG_WARN_CONSTANT_CONVERSION = YES;
				CLANG_WARN_DEPRECATED_OBJC_IMPLEMENTATIONS = YES;
				CLANG_WARN_DIRECT_OBJC_ISA_USAGE = YES_ERROR;
				CLANG_WARN_DOCUMENTATION_COMMENTS = YES;
				CLANG_WARN_EMPTY_BODY = YES;
				CLANG_WARN_ENUM_CONVERSION = YES;
				CLANG_WARN_INFINITE_RECURSION = YES;
				CLANG_WARN_INT_CONVERSION = YES;
				CLANG_WARN_NON_LITERAL_NULL_CONVERSION = YES;
				CLANG_WARN_OBJC_IMPLICIT_RETAIN_SELF = YES;
				CLANG_WARN_OBJC_LITERAL_CONVERSION = YES;
				CLANG_WARN_OBJC_ROOT_CLASS = YES_ERROR;
				CLANG_WARN_QUOTED_INCLUDE_IN_FRAMEWORK_HEADER = YES;
				CLANG_WARN_RANGE_LOOP_ANALYSIS = YES;
				CLANG_WARN_STRICT_PROTOTYPES = YES;
				CLANG_WARN_SUSPICIOUS_MOVE = YES;
				CLANG_WARN_UNGUARDED_AVAILABILITY = YES_AGGRESSIVE;
				CLANG_WARN_UNREACHABLE_CODE = YES;
				CLANG_WARN__DUPLICATE_METHOD_MATCH = YES;
				COPY_PHASE_STRIP = NO;
				DEBUG_INFORMATION_FORMAT = "dwarf-with-dsym";
				ENABLE_NS_ASSERTIONS = NO;
				ENABLE_STRICT_OBJC_MSGSEND = YES;
				GCC_C_LANGUAGE_STANDARD = gnu11;
				GCC_NO_COMMON_BLOCKS = YES;
				GCC_WARN_64_TO_32_BIT_CONVERSION = YES;
				GCC_WARN_ABOUT_RETURN_TYPE = YES_ERROR;
				GCC_WARN_UNDECLARED_SELECTOR = YES;
				GCC_WARN_UNINITIALIZED_AUTOS = YES_AGGRESSIVE;
				GCC_WARN_UNUSED_FUNCTION = YES;
				GCC_WARN_UNUSED_VARIABLE = YES;
				IPHONEOS_DEPLOYMENT_TARGET = 15.5;
				MTL_ENABLE_DEBUG_INFO = NO;
				MTL_FAST_MATH = YES;
				SDKROOT = iphoneos;
				SWIFT_COMPILATION_MODE = wholemodule;
				SWIFT_OPTIMIZATION_LEVEL = "-O";
				VALIDATE_PRODUCT = YES;
			};
			name = Release;
		};
		ECDBA6EE28F1E1A3008B0927 /* Debug */ = {
			isa = XCBuildConfiguration;
			buildSettings = {
				ASSETCATALOG_COMPILER_APPICON_NAME = AppIcon;
				ASSETCATALOG_COMPILER_GLOBAL_ACCENT_COLOR_NAME = AccentColor;
				CODE_SIGN_STYLE = Automatic;
				CURRENT_PROJECT_VERSION = 1;
				DEVELOPMENT_TEAM = P2QD2N5AY2;
				GENERATE_INFOPLIST_FILE = YES;
				INFOPLIST_FILE = ArtCover/Info.plist;
				INFOPLIST_KEY_UIApplicationSupportsIndirectInputEvents = YES;
				INFOPLIST_KEY_UILaunchStoryboardName = LaunchScreen;
				INFOPLIST_KEY_UIMainStoryboardFile = Main;
				INFOPLIST_KEY_UISupportedInterfaceOrientations_iPad = "UIInterfaceOrientationPortrait UIInterfaceOrientationPortraitUpsideDown UIInterfaceOrientationLandscapeLeft UIInterfaceOrientationLandscapeRight";
				INFOPLIST_KEY_UISupportedInterfaceOrientations_iPhone = "UIInterfaceOrientationPortrait UIInterfaceOrientationLandscapeLeft UIInterfaceOrientationLandscapeRight";
				LD_RUNPATH_SEARCH_PATHS = (
					"$(inherited)",
					"@executable_path/Frameworks",
				);
				MARKETING_VERSION = 1.0;
				PRODUCT_BUNDLE_IDENTIFIER = com.AkromKassymov.ArtCover;
				PRODUCT_NAME = "$(TARGET_NAME)";
				SWIFT_EMIT_LOC_STRINGS = YES;
				SWIFT_VERSION = 5.0;
				TARGETED_DEVICE_FAMILY = "1,2";
			};
			name = Debug;
		};
		ECDBA6EF28F1E1A3008B0927 /* Release */ = {
			isa = XCBuildConfiguration;
			buildSettings = {
				ASSETCATALOG_COMPILER_APPICON_NAME = AppIcon;
				ASSETCATALOG_COMPILER_GLOBAL_ACCENT_COLOR_NAME = AccentColor;
				CODE_SIGN_STYLE = Automatic;
				CURRENT_PROJECT_VERSION = 1;
				DEVELOPMENT_TEAM = P2QD2N5AY2;
				GENERATE_INFOPLIST_FILE = YES;
				INFOPLIST_FILE = ArtCover/Info.plist;
				INFOPLIST_KEY_UIApplicationSupportsIndirectInputEvents = YES;
				INFOPLIST_KEY_UILaunchStoryboardName = LaunchScreen;
				INFOPLIST_KEY_UIMainStoryboardFile = Main;
				INFOPLIST_KEY_UISupportedInterfaceOrientations_iPad = "UIInterfaceOrientationPortrait UIInterfaceOrientationPortraitUpsideDown UIInterfaceOrientationLandscapeLeft UIInterfaceOrientationLandscapeRight";
				INFOPLIST_KEY_UISupportedInterfaceOrientations_iPhone = "UIInterfaceOrientationPortrait UIInterfaceOrientationLandscapeLeft UIInterfaceOrientationLandscapeRight";
				LD_RUNPATH_SEARCH_PATHS = (
					"$(inherited)",
					"@executable_path/Frameworks",
				);
				MARKETING_VERSION = 1.0;
				PRODUCT_BUNDLE_IDENTIFIER = com.AkromKassymov.ArtCover;
				PRODUCT_NAME = "$(TARGET_NAME)";
				SWIFT_EMIT_LOC_STRINGS = YES;
				SWIFT_VERSION = 5.0;
				TARGETED_DEVICE_FAMILY = "1,2";
			};
			name = Release;
		};
/* End XCBuildConfiguration section */

/* Begin XCConfigurationList section */
		ECDBA6D428F1E1A2008B0927 /* Build configuration list for PBXProject "ArtCover" */ = {
			isa = XCConfigurationList;
			buildConfigurations = (
				ECDBA6EB28F1E1A3008B0927 /* Debug */,
				ECDBA6EC28F1E1A3008B0927 /* Release */,
			);
			defaultConfigurationIsVisible = 0;
			defaultConfigurationName = Release;
		};
		ECDBA6ED28F1E1A3008B0927 /* Build configuration list for PBXNativeTarget "ArtCover" */ = {
			isa = XCConfigurationList;
			buildConfigurations = (
				ECDBA6EE28F1E1A3008B0927 /* Debug */,
				ECDBA6EF28F1E1A3008B0927 /* Release */,
			);
			defaultConfigurationIsVisible = 0;
			defaultConfigurationName = Release;
		};
/* End XCConfigurationList section */
	};
	rootObject = ECDBA6D128F1E1A2008B0927 /* Project object */;
}
